<?xml version="1.0" encoding="utf-8"?>
<Project ToolsVersion="4.0" xmlns="http://schemas.microsoft.com/developer/msbuild/2003">
  <ItemGroup>
    <Filter Include="源文件">
      <UniqueIdentifier>{4FC737F1-C7A5-4376-A066-2A32D752A2FF}</UniqueIdentifier>
      <Extensions>cpp;c;cc;cxx;def;odl;idl;hpj;bat;asm;asmx</Extensions>
    </Filter>
    <Filter Include="头文件">
      <UniqueIdentifier>{93995380-89BD-4b04-88EB-625FBE52EBFB}</UniqueIdentifier>
      <Extensions>h;hh;hpp;hxx;hm;inl;inc;ipp;xsd</Extensions>
    </Filter>
    <Filter Include="资源文件">
      <UniqueIdentifier>{67DA6AB6-F800-4c08-8B7A-83BB121AAD01}</UniqueIdentifier>
      <Extensions>rc;ico;cur;bmp;dlg;rc2;rct;bin;rgs;gif;jpg;jpeg;jpe;resx;tiff;tif;png;wav;mfcribbon-ms</Extensions>
    </Filter>
    <Filter Include="源文件\Flight">
      <UniqueIdentifier>{f60e9445-231b-4f16-a87c-d6d40c2dcb54}</UniqueIdentifier>
    </Filter>
    <Filter Include="源文件\User">
      <UniqueIdentifier>{ac4c94ca-711b-440d-a65d-b18420566788}</UniqueIdentifier>
    </Filter>
    <Filter Include="源文件\UserTicket">
      <UniqueIdentifier>{9c4c7bfd-b550-4411-baba-24ea0826a6aa}</UniqueIdentifier>
    </Filter>
    <Filter Include="源文件\City">
      <UniqueIdentifier>{f3d8cc4b-88a0-4ec0-bb16-0711383de0a6}</UniqueIdentifier>
    </Filter>
  </ItemGroup>
  <ItemGroup>
    <ClCompile Include="main.cpp">
      <Filter>源文件</Filter>
    </ClCompile>
    <ClCompile Include="add_fi.cpp">
      <Filter>源文件\Flight</Filter>
    </ClCompile>
    <ClCompile Include="browse_fi.cpp">
      <Filter>源文件\Flight</Filter>
    </ClCompile>
    <ClCompile Include="change_fi.cpp">
      <Filter>源文件\Flight</Filter>
    </ClCompile>
    <ClCompile Include="delete_fi.cpp">
      <Filter>源文件\Flight</Filter>
    </ClCompile>
    <ClCompile Include="flight_public_fun.cpp">
      <Filter>源文件\Flight</Filter>
    </ClCompile>
    <ClCompile Include="create_uif.cpp">
      <Filter>源文件\User</Filter>
    </ClCompile>
    <ClCompile Include="home.cpp">
      <Filter>源文件\User</Filter>
    </ClCompile>
    <ClCompile Include="identify.cpp">
      <Filter>源文件\User</Filter>
    </ClCompile>
    <ClCompile Include="login.cpp">
      <Filter>源文件\User</Filter>
    </ClCompile>
    <ClCompile Include="login_f.cpp">
      <Filter>源文件\User</Filter>
    </ClCompile>
    <ClCompile Include="order.cpp">
      <Filter>源文件\Flight</Filter>
    </ClCompile>
    <ClCompile Include="search_fi.cpp">
      <Filter>源文件\Flight</Filter>
    </ClCompile>
    <ClCompile Include="sort_byfp.cpp">
      <Filter>源文件\Flight</Filter>
    </ClCompile>
    <ClCompile Include="user_public_fun.cpp">
      <Filter>源文件\User</Filter>
    </ClCompile>
    <ClCompile Include="userticket_public.cpp">
      <Filter>源文件\UserTicket</Filter>
    </ClCompile>
    <ClCompile Include="showTickets.cpp">
      <Filter>源文件\UserTicket</Filter>
    </ClCompile>
    <ClCompile Include="issueDelay_m.cpp">
      <Filter>源文件\User</Filter>
    </ClCompile>
    <ClCompile Include="issueCancel_m.cpp">
      <Filter>源文件\User</Filter>
    </ClCompile>
    <ClCompile Include="showDelay_ut.cpp">
      <Filter>源文件\UserTicket</Filter>
    </ClCompile>
    <ClCompile Include="showCancel_ut.cpp">
      <Filter>源文件\UserTicket</Filter>
    </ClCompile>
    <ClCompile Include="refundTicket_us.cpp">
      <Filter>源文件\User</Filter>
    </ClCompile>
    <ClCompile Include="showzeroTicket_fl.cpp">
      <Filter>源文件\Flight</Filter>
    </ClCompile>
    <ClCompile Include="grabbingTicket_us.cpp">
      <Filter>源文件\User</Filter>
    </ClCompile>
    <ClCompile Include="responseRefund_us.cpp">
      <Filter>源文件\User</Filter>
    </ClCompile>
    <ClCompile Include="orderwait.cpp">
      <Filter>源文件\Flight</Filter>
    </ClCompile>
    <ClCompile Include="getrefund_fi.cpp">
      <Filter>源文件\Flight</Filter>
    </ClCompile>
    <ClCompile Include="RecommendFlight.cpp">
      <Filter>源文件\User</Filter>
    </ClCompile>
    <ClCompile Include="city_public.cpp">
      <Filter>源文件\City</Filter>
    </ClCompile>
    <ClCompile Include="Graph_List_City_public.cpp">
      <Filter>源文件\City</Filter>
    </ClCompile>
    <ClCompile Include="screen.cpp">
      <Filter>源文件\User</Filter>
    </ClCompile>
    <ClCompile Include="recommendTransit.cpp">
      <Filter>源文件\Flight</Filter>
    </ClCompile>
  </ItemGroup>
  <ItemGroup>
    <ClInclude Include="User.h">
      <Filter>头文件</Filter>
    </ClInclude>
    <ClInclude Include="Flight.h">
      <Filter>头文件</Filter>
    </ClInclude>
    <ClInclude Include="UserTicket.h">
      <Filter>头文件</Filter>
    </ClInclude>
    <ClInclude Include="City.h">
      <Filter>头文件</Filter>
    </ClInclude>
  </ItemGroup>
  <ItemGroup>
    <Text Include="flight.txt">
      <Filter>资源文件</Filter>
    </Text>
    <Text Include="flight_num.txt">
      <Filter>资源文件</Filter>
    </Text>
    <Text Include="judge.txt">
      <Filter>资源文件</Filter>
    </Text>
    <Text Include="mode.txt">
      <Filter>资源文件</Filter>
    </Text>
    <Text Include="order.txt">
      <Filter>资源文件</Filter>
    </Text>
    <Text Include="user.txt">
      <Filter>资源文件</Filter>
    </Text>
    <Text Include="user_num.txt">
      <Filter>资源文件</Filter>
    </Text>
    <Text Include="Users\630121\mytickets.txt">
      <Filter>资源文件</Filter>
    </Text>
    <Text Include="Users\630121\tickets_num.txt">
      <Filter>资源文件</Filter>
    </Text>
  </ItemGroup>
</Project>